// !$*UTF8*$!
{
	archiveVersion = 1;
	classes = {
	};
	objectVersion = 50;
	objects = {

/* Begin PBXBuildFile section */
		3E8B90E92478DE71003C3A95 /* AppDelegate.m in Sources */ = {isa = PBXBuildFile; fileRef = 3E8B90E82478DE71003C3A95 /* AppDelegate.m */; };
		3E8B90EC2478DE71003C3A95 /* SceneDelegate.m in Sources */ = {isa = PBXBuildFile; fileRef = 3E8B90EB2478DE71003C3A95 /* SceneDelegate.m */; };
		3E8B90EF2478DE71003C3A95 /* ViewController.m in Sources */ = {isa = PBXBuildFile; fileRef = 3E8B90EE2478DE71003C3A95 /* ViewController.m */; };
		3E8B90F22478DE71003C3A95 /* Main.storyboard in Resources */ = {isa = PBXBuildFile; fileRef = 3E8B90F02478DE71003C3A95 /* Main.storyboard */; };
		3E8B90F42478DE76003C3A95 /* Assets.xcassets in Resources */ = {isa = PBXBuildFile; fileRef = 3E8B90F32478DE76003C3A95 /* Assets.xcassets */; };
		3E8B90F72478DE76003C3A95 /* LaunchScreen.storyboard in Resources */ = {isa = PBXBuildFile; fileRef = 3E8B90F52478DE76003C3A95 /* LaunchScreen.storyboard */; };
		3E8B90FA2478DE76003C3A95 /* main.m in Sources */ = {isa = PBXBuildFile; fileRef = 3E8B90F92478DE76003C3A95 /* main.m */; };
		3E8B91042478DE77003C3A95 /* CNRouterDemoTests.m in Sources */ = {isa = PBXBuildFile; fileRef = 3E8B91032478DE77003C3A95 /* CNRouterDemoTests.m */; };
		3E8B910F2478DE77003C3A95 /* CNRouterDemoUITests.m in Sources */ = {isa = PBXBuildFile; fileRef = 3E8B910E2478DE77003C3A95 /* CNRouterDemoUITests.m */; };
		3E8B911F2478DF84003C3A95 /* CNRouter.m in Sources */ = {isa = PBXBuildFile; fileRef = 3E8B911E2478DF84003C3A95 /* CNRouter.m */; };
		3E8B91222478DFF2003C3A95 /* CNRouterRequest.m in Sources */ = {isa = PBXBuildFile; fileRef = 3E8B91212478DFF2003C3A95 /* CNRouterRequest.m */; };
/* End PBXBuildFile section */

/* Begin PBXContainerItemProxy section */
		3E8B91002478DE77003C3A95 /* PBXContainerItemProxy */ = {
			isa = PBXContainerItemProxy;
			containerPortal = 3E8B90DC2478DE71003C3A95 /* Project object */;
			proxyType = 1;
			remoteGlobalIDString = 3E8B90E32478DE71003C3A95;
			remoteInfo = CNRouterDemo;
		};
		3E8B910B2478DE77003C3A95 /* PBXContainerItemProxy */ = {
			isa = PBXContainerItemProxy;
			containerPortal = 3E8B90DC2478DE71003C3A95 /* Project object */;
			proxyType = 1;
			remoteGlobalIDString = 3E8B90E32478DE71003C3A95;
			remoteInfo = CNRouterDemo;
		};
/* End PBXContainerItemProxy section */

/* Begin PBXFileReference section */
		3E8B90E42478DE71003C3A95 /* CNRouterDemo.app */ = {isa = PBXFileReference; explicitFileType = wrapper.application; includeInIndex = 0; path = CNRouterDemo.app; sourceTree = BUILT_PRODUCTS_DIR; };
		3E8B90E72478DE71003C3A95 /* AppDelegate.h */ = {isa = PBXFileReference; lastKnownFileType = sourcecode.c.h; path = AppDelegate.h; sourceTree = "<group>"; };
		3E8B90E82478DE71003C3A95 /* AppDelegate.m */ = {isa = PBXFileReference; lastKnownFileType = sourcecode.c.objc; path = AppDelegate.m; sourceTree = "<group>"; };
		3E8B90EA2478DE71003C3A95 /* SceneDelegate.h */ = {isa = PBXFileReference; lastKnownFileType = sourcecode.c.h; path = SceneDelegate.h; sourceTree = "<group>"; };
		3E8B90EB2478DE71003C3A95 /* SceneDelegate.m */ = {isa = PBXFileReference; lastKnownFileType = sourcecode.c.objc; path = SceneDelegate.m; sourceTree = "<group>"; };
		3E8B90ED2478DE71003C3A95 /* ViewController.h */ = {isa = PBXFileReference; lastKnownFileType = sourcecode.c.h; path = ViewController.h; sourceTree = "<group>"; };
		3E8B90EE2478DE71003C3A95 /* ViewController.m */ = {isa = PBXFileReference; lastKnownFileType = sourcecode.c.objc; path = ViewController.m; sourceTree = "<group>"; };
		3E8B90F12478DE71003C3A95 /* Base */ = {isa = PBXFileReference; lastKnownFileType = file.storyboard; name = Base; path = Base.lproj/Main.storyboard; sourceTree = "<group>"; };
		3E8B90F32478DE76003C3A95 /* Assets.xcassets */ = {isa = PBXFileReference; lastKnownFileType = folder.assetcatalog; path = Assets.xcassets; sourceTree = "<group>"; };
		3E8B90F62478DE76003C3A95 /* Base */ = {isa = PBXFileReference; lastKnownFileType = file.storyboard; name = Base; path = Base.lproj/LaunchScreen.storyboard; sourceTree = "<group>"; };
		3E8B90F82478DE76003C3A95 /* Info.plist */ = {isa = PBXFileReference; lastKnownFileType = text.plist.xml; path = Info.plist; sourceTree = "<group>"; };
		3E8B90F92478DE76003C3A95 /* main.m */ = {isa = PBXFileReference; lastKnownFileType = sourcecode.c.objc; path = main.m; sourceTree = "<group>"; };
		3E8B90FF2478DE77003C3A95 /* CNRouterDemoTests.xctest */ = {isa = PBXFileReference; explicitFileType = wrapper.cfbundle; includeInIndex = 0; path = CNRouterDemoTests.xctest; sourceTree = BUILT_PRODUCTS_DIR; };
		3E8B91032478DE77003C3A95 /* CNRouterDemoTests.m */ = {isa = PBXFileReference; lastKnownFileType = sourcecode.c.objc; path = CNRouterDemoTests.m; sourceTree = "<group>"; };
		3E8B91052478DE77003C3A95 /* Info.plist */ = {isa = PBXFileReference; lastKnownFileType = text.plist.xml; path = Info.plist; sourceTree = "<group>"; };
		3E8B910A2478DE77003C3A95 /* CNRouterDemoUITests.xctest */ = {isa = PBXFileReference; explicitFileType = wrapper.cfbundle; includeInIndex = 0; path = CNRouterDemoUITests.xctest; sourceTree = BUILT_PRODUCTS_DIR; };
		3E8B910E2478DE77003C3A95 /* CNRouterDemoUITests.m */ = {isa = PBXFileReference; lastKnownFileType = sourcecode.c.objc; path = CNRouterDemoUITests.m; sourceTree = "<group>"; };
		3E8B91102478DE77003C3A95 /* Info.plist */ = {isa = PBXFileReference; lastKnownFileType = text.plist.xml; path = Info.plist; sourceTree = "<group>"; };
		3E8B911D2478DF84003C3A95 /* CNRouter.h */ = {isa = PBXFileReference; lastKnownFileType = sourcecode.c.h; path = CNRouter.h; sourceTree = "<group>"; };
		3E8B911E2478DF84003C3A95 /* CNRouter.m */ = {isa = PBXFileReference; lastKnownFileType = sourcecode.c.objc; path = CNRouter.m; sourceTree = "<group>"; };
		3E8B91202478DFF2003C3A95 /* CNRouterRequest.h */ = {isa = PBXFileReference; lastKnownFileType = sourcecode.c.h; path = CNRouterRequest.h; sourceTree = "<group>"; };
		3E8B91212478DFF2003C3A95 /* CNRouterRequest.m */ = {isa = PBXFileReference; lastKnownFileType = sourcecode.c.objc; path = CNRouterRequest.m; sourceTree = "<group>"; };
		3E8B91232478E036003C3A95 /* CNRouterProtocol.h */ = {isa = PBXFileReference; lastKnownFileType = sourcecode.c.h; path = CNRouterProtocol.h; sourceTree = "<group>"; };
/* End PBXFileReference section */

/* Begin PBXFrameworksBuildPhase section */
		3E8B90E12478DE71003C3A95 /* Frameworks */ = {
			isa = PBXFrameworksBuildPhase;
			buildActionMask = 2147483647;
			files = (
			);
			runOnlyForDeploymentPostprocessing = 0;
		};
		3E8B90FC2478DE77003C3A95 /* Frameworks */ = {
			isa = PBXFrameworksBuildPhase;
			buildActionMask = 2147483647;
			files = (
			);
			runOnlyForDeploymentPostprocessing = 0;
		};
		3E8B91072478DE77003C3A95 /* Frameworks */ = {
			isa = PBXFrameworksBuildPhase;
			buildActionMask = 2147483647;
			files = (
			);
			runOnlyForDeploymentPostprocessing = 0;
		};
/* End PBXFrameworksBuildPhase section */

/* Begin PBXGroup section */
		3E8B90DB2478DE71003C3A95 = {
			isa = PBXGroup;
			children = (
				3E8B911C2478DEA9003C3A95 /* CNRouter */,
				3E8B90E62478DE71003C3A95 /* CNRouterDemo */,
				3E8B91022478DE77003C3A95 /* CNRouterDemoTests */,
				3E8B910D2478DE77003C3A95 /* CNRouterDemoUITests */,
				3E8B90E52478DE71003C3A95 /* Products */,
			);
			sourceTree = "<group>";
		};
		3E8B90E52478DE71003C3A95 /* Products */ = {
			isa = PBXGroup;
			children = (
				3E8B90E42478DE71003C3A95 /* CNRouterDemo.app */,
				3E8B90FF2478DE77003C3A95 /* CNRouterDemoTests.xctest */,
				3E8B910A2478DE77003C3A95 /* CNRouterDemoUITests.xctest */,
			);
			name = Products;
			sourceTree = "<group>";
		};
		3E8B90E62478DE71003C3A95 /* CNRouterDemo */ = {
			isa = PBXGroup;
			children = (
				3E8B90E72478DE71003C3A95 /* AppDelegate.h */,
				3E8B90E82478DE71003C3A95 /* AppDelegate.m */,
				3E8B90EA2478DE71003C3A95 /* SceneDelegate.h */,
				3E8B90EB2478DE71003C3A95 /* SceneDelegate.m */,
				3E8B90ED2478DE71003C3A95 /* ViewController.h */,
				3E8B90EE2478DE71003C3A95 /* ViewController.m */,
				3E8B90F02478DE71003C3A95 /* Main.storyboard */,
				3E8B90F32478DE76003C3A95 /* Assets.xcassets */,
				3E8B90F52478DE76003C3A95 /* LaunchScreen.storyboard */,
				3E8B90F82478DE76003C3A95 /* Info.plist */,
				3E8B90F92478DE76003C3A95 /* main.m */,
			);
			path = CNRouterDemo;
			sourceTree = "<group>";
		};
		3E8B91022478DE77003C3A95 /* CNRouterDemoTests */ = {
			isa = PBXGroup;
			children = (
				3E8B91032478DE77003C3A95 /* CNRouterDemoTests.m */,
				3E8B91052478DE77003C3A95 /* Info.plist */,
			);
			path = CNRouterDemoTests;
			sourceTree = "<group>";
		};
		3E8B910D2478DE77003C3A95 /* CNRouterDemoUITests */ = {
			isa = PBXGroup;
			children = (
				3E8B910E2478DE77003C3A95 /* CNRouterDemoUITests.m */,
				3E8B91102478DE77003C3A95 /* Info.plist */,
			);
			path = CNRouterDemoUITests;
			sourceTree = "<group>";
		};
		3E8B911C2478DEA9003C3A95 /* CNRouter */ = {
			isa = PBXGroup;
			children = (
				3E8B911D2478DF84003C3A95 /* CNRouter.h */,
				3E8B911E2478DF84003C3A95 /* CNRouter.m */,
				3E8B91232478E036003C3A95 /* CNRouterProtocol.h */,
				3E8B91202478DFF2003C3A95 /* CNRouterRequest.h */,
				3E8B91212478DFF2003C3A95 /* CNRouterRequest.m */,
			);
			name = CNRouter;
			path = ../CNRouter;
			sourceTree = "<group>";
		};
/* End PBXGroup section */

/* Begin PBXNativeTarget section */
		3E8B90E32478DE71003C3A95 /* CNRouterDemo */ = {
			isa = PBXNativeTarget;
			buildConfigurationList = 3E8B91132478DE77003C3A95 /* Build configuration list for PBXNativeTarget "CNRouterDemo" */;
			buildPhases = (
				3E8B90E02478DE71003C3A95 /* Sources */,
				3E8B90E12478DE71003C3A95 /* Frameworks */,
				3E8B90E22478DE71003C3A95 /* Resources */,
			);
			buildRules = (
			);
			dependencies = (
			);
			name = CNRouterDemo;
			productName = CNRouterDemo;
			productReference = 3E8B90E42478DE71003C3A95 /* CNRouterDemo.app */;
			productType = "com.apple.product-type.application";
		};
		3E8B90FE2478DE77003C3A95 /* CNRouterDemoTests */ = {
			isa = PBXNativeTarget;
			buildConfigurationList = 3E8B91162478DE77003C3A95 /* Build configuration list for PBXNativeTarget "CNRouterDemoTests" */;
			buildPhases = (
				3E8B90FB2478DE77003C3A95 /* Sources */,
				3E8B90FC2478DE77003C3A95 /* Frameworks */,
				3E8B90FD2478DE77003C3A95 /* Resources */,
			);
			buildRules = (
			);
			dependencies = (
				3E8B91012478DE77003C3A95 /* PBXTargetDependency */,
			);
			name = CNRouterDemoTests;
			productName = CNRouterDemoTests;
			productReference = 3E8B90FF2478DE77003C3A95 /* CNRouterDemoTests.xctest */;
			productType = "com.apple.product-type.bundle.unit-test";
		};
		3E8B91092478DE77003C3A95 /* CNRouterDemoUITests */ = {
			isa = PBXNativeTarget;
			buildConfigurationList = 3E8B91192478DE77003C3A95 /* Build configuration list for PBXNativeTarget "CNRouterDemoUITests" */;
			buildPhases = (
				3E8B91062478DE77003C3A95 /* Sources */,
				3E8B91072478DE77003C3A95 /* Frameworks */,
				3E8B91082478DE77003C3A95 /* Resources */,
			);
			buildRules = (
			);
			dependencies = (
				3E8B910C2478DE77003C3A95 /* PBXTargetDependency */,
			);
			name = CNRouterDemoUITests;
			productName = CNRouterDemoUITests;
			productReference = 3E8B910A2478DE77003C3A95 /* CNRouterDemoUITests.xctest */;
			productType = "com.apple.product-type.bundle.ui-testing";
		};
/* End PBXNativeTarget section */

/* Begin PBXProject section */
		3E8B90DC2478DE71003C3A95 /* Project object */ = {
			isa = PBXProject;
			attributes = {
				LastUpgradeCheck = 1150;
				ORGANIZATIONNAME = Caven;
				TargetAttributes = {
					3E8B90E32478DE71003C3A95 = {
						CreatedOnToolsVersion = 11.5;
					};
					3E8B90FE2478DE77003C3A95 = {
						CreatedOnToolsVersion = 11.5;
						TestTargetID = 3E8B90E32478DE71003C3A95;
					};
					3E8B91092478DE77003C3A95 = {
						CreatedOnToolsVersion = 11.5;
						TestTargetID = 3E8B90E32478DE71003C3A95;
					};
				};
			};
			buildConfigurationList = 3E8B90DF2478DE71003C3A95 /* Build configuration list for PBXProject "CNRouterDemo" */;
			compatibilityVersion = "Xcode 9.3";
			developmentRegion = en;
			hasScannedForEncodings = 0;
			knownRegions = (
				en,
				Base,
			);
			mainGroup = 3E8B90DB2478DE71003C3A95;
			productRefGroup = 3E8B90E52478DE71003C3A95 /* Products */;
			projectDirPath = "";
			projectRoot = "";
			targets = (
				3E8B90E32478DE71003C3A95 /* CNRouterDemo */,
				3E8B90FE2478DE77003C3A95 /* CNRouterDemoTests */,
				3E8B91092478DE77003C3A95 /* CNRouterDemoUITests */,
			);
		};
/* End PBXProject section */

/* Begin PBXResourcesBuildPhase section */
		3E8B90E22478DE71003C3A95 /* Resources */ = {
			isa = PBXResourcesBuildPhase;
			buildActionMask = 2147483647;
			files = (
				3E8B90F72478DE76003C3A95 /* LaunchScreen.storyboard in Resources */,
				3E8B90F42478DE76003C3A95 /* Assets.xcassets in Resources */,
				3E8B90F22478DE71003C3A95 /* Main.storyboard in Resources */,
			);
			runOnlyForDeploymentPostprocessing = 0;
		};
		3E8B90FD2478DE77003C3A95 /* Resources */ = {
			isa = PBXResourcesBuildPhase;
			buildActionMask = 2147483647;
			files = (
			);
			runOnlyForDeploymentPostprocessing = 0;
		};
		3E8B91082478DE77003C3A95 /* Resources */ = {
			isa = PBXResourcesBuildPhase;
			buildActionMask = 2147483647;
			files = (
			);
			runOnlyForDeploymentPostprocessing = 0;
		};
/* End PBXResourcesBuildPhase section */

/* Begin PBXSourcesBuildPhase section */
		3E8B90E02478DE71003C3A95 /* Sources */ = {
			isa = PBXSourcesBuildPhase;
			buildActionMask = 2147483647;
			files = (
				3E8B911F2478DF84003C3A95 /* CNRouter.m in Sources */,
				3E8B90EF2478DE71003C3A95 /* ViewController.m in Sources */,
				3E8B90E92478DE71003C3A95 /* AppDelegate.m in Sources */,
				3E8B90FA2478DE76003C3A95 /* main.m in Sources */,
				3E8B90EC2478DE71003C3A95 /* SceneDelegate.m in Sources */,
				3E8B91222478DFF2003C3A95 /* CNRouterRequest.m in Sources */,
			);
			runOnlyForDeploymentPostprocessing = 0;
		};
		3E8B90FB2478DE77003C3A95 /* Sources */ = {
			isa = PBXSourcesBuildPhase;
			buildActionMask = 2147483647;
			files = (
				3E8B91042478DE77003C3A95 /* CNRouterDemoTests.m in Sources */,
			);
			runOnlyForDeploymentPostprocessing = 0;
		};
		3E8B91062478DE77003C3A95 /* Sources */ = {
			isa = PBXSourcesBuildPhase;
			buildActionMask = 2147483647;
			files = (
				3E8B910F2478DE77003C3A95 /* CNRouterDemoUITests.m in Sources */,
			);
			runOnlyForDeploymentPostprocessing = 0;
		};
/* End PBXSourcesBuildPhase section */

/* Begin PBXTargetDependency section */
		3E8B91012478DE77003C3A95 /* PBXTargetDependency */ = {
			isa = PBXTargetDependency;
			target = 3E8B90E32478DE71003C3A95 /* CNRouterDemo */;
			targetProxy = 3E8B91002478DE77003C3A95 /* PBXContainerItemProxy */;
		};
		3E8B910C2478DE77003C3A95 /* PBXTargetDependency */ = {
			isa = PBXTargetDependency;
			target = 3E8B90E32478DE71003C3A95 /* CNRouterDemo */;
			targetProxy = 3E8B910B2478DE77003C3A95 /* PBXContainerItemProxy */;
		};
/* End PBXTargetDependency section */

/* Begin PBXVariantGroup section */
		3E8B90F02478DE71003C3A95 /* Main.storyboard */ = {
			isa = PBXVariantGroup;
			children = (
				3E8B90F12478DE71003C3A95 /* Base */,
			);
			name = Main.storyboard;
			sourceTree = "<group>";
		};
		3E8B90F52478DE76003C3A95 /* LaunchScreen.storyboard */ = {
			isa = PBXVariantGroup;
			children = (
				3E8B90F62478DE76003C3A95 /* Base */,
			);
			name = LaunchScreen.storyboard;
			sourceTree = "<group>";
		};
/* End PBXVariantGroup section */

/* Begin XCBuildConfiguration section */
		3E8B91112478DE77003C3A95 /* Debug */ = {
			isa = XCBuildConfiguration;
			buildSettings = {
				ALWAYS_SEARCH_USER_PATHS = NO;
				CLANG_ANALYZER_NONNULL = YES;
				CLANG_ANALYZER_NUMBER_OBJECT_CONVERSION = YES_AGGRESSIVE;
				CLANG_CXX_LANGUAGE_STANDARD = "gnu++14";
				CLANG_CXX_LIBRARY = "libc++";
				CLANG_ENABLE_MODULES = YES;
				CLANG_ENABLE_OBJC_ARC = YES;
				CLANG_ENABLE_OBJC_WEAK = YES;
				CLANG_WARN_BLOCK_CAPTURE_AUTORELEASING = YES;
				CLANG_WARN_BOOL_CONVERSION = YES;
				CLANG_WARN_COMMA = YES;
				CLANG_WARN_CONSTANT_CONVERSION = YES;
				CLANG_WARN_DEPRECATED_OBJC_IMPLEMENTATIONS = YES;
				CLANG_WARN_DIRECT_OBJC_ISA_USAGE = YES_ERROR;
				CLANG_WARN_DOCUMENTATION_COMMENTS = YES;
				CLANG_WARN_EMPTY_BODY = YES;
				CLANG_WARN_ENUM_CONVERSION = YES;
				CLANG_WARN_INFINITE_RECURSION = YES;
				CLANG_WARN_INT_CONVERSION = YES;
				CLANG_WARN_NON_LITERAL_NULL_CONVERSION = YES;
				CLANG_WARN_OBJC_IMPLICIT_RETAIN_SELF = YES;
				CLANG_WARN_OBJC_LITERAL_CONVERSION = YES;
				CLANG_WARN_OBJC_ROOT_CLASS = YES_ERROR;
				CLANG_WARN_RANGE_LOOP_ANALYSIS = YES;
				CLANG_WARN_STRICT_PROTOTYPES = YES;
				CLANG_WARN_SUSPICIOUS_MOVE = YES;
				CLANG_WARN_UNGUARDED_AVAILABILITY = YES_AGGRESSIVE;
				CLANG_WARN_UNREACHABLE_CODE = YES;
				CLANG_WARN__DUPLICATE_METHOD_MATCH = YES;
				COPY_PHASE_STRIP = NO;
				DEBUG_INFORMATION_FORMAT = dwarf;
				ENABLE_STRICT_OBJC_MSGSEND = YES;
				ENABLE_TESTABILITY = YES;
				GCC_C_LANGUAGE_STANDARD = gnu11;
				GCC_DYNAMIC_NO_PIC = NO;
				GCC_NO_COMMON_BLOCKS = YES;
				GCC_OPTIMIZATION_LEVEL = 0;
				GCC_PREPROCESSOR_DEFINITIONS = (
					"DEBUG=1",
					"$(inherited)",
				);
				GCC_WARN_64_TO_32_BIT_CONVERSION = YES;
				GCC_WARN_ABOUT_RETURN_TYPE = YES_ERROR;
				GCC_WARN_UNDECLARED_SELECTOR = YES;
				GCC_WARN_UNINITIALIZED_AUTOS = YES_AGGRESSIVE;
				GCC_WARN_UNUSED_FUNCTION = YES;
				GCC_WARN_UNUSED_VARIABLE = YES;
				IPHONEOS_DEPLOYMENT_TARGET = 13.5;
				MTL_ENABLE_DEBUG_INFO = INCLUDE_SOURCE;
				MTL_FAST_MATH = YES;
				ONLY_ACTIVE_ARCH = YES;
				SDKROOT = iphoneos;
			};
			name = Debug;
		};
		3E8B91122478DE77003C3A95 /* Release */ = {
			isa = XCBuildConfiguration;
			buildSettings = {
				ALWAYS_SEARCH_USER_PATHS = NO;
				CLANG_ANALYZER_NONNULL = YES;
				CLANG_ANALYZER_NUMBER_OBJECT_CONVERSION = YES_AGGRESSIVE;
				CLANG_CXX_LANGUAGE_STANDARD = "gnu++14";
				CLANG_CXX_LIBRARY = "libc++";
				CLANG_ENABLE_MODULES = YES;
				CLANG_ENABLE_OBJC_ARC = YES;
				CLANG_ENABLE_OBJC_WEAK = YES;
				CLANG_WARN_BLOCK_CAPTURE_AUTORELEASING = YES;
				CLANG_WARN_BOOL_CONVERSION = YES;
				CLANG_WARN_COMMA = YES;
				CLANG_WARN_CONSTANT_CONVERSION = YES;
				CLANG_WARN_DEPRECATED_OBJC_IMPLEMENTATIONS = YES;
				CLANG_WARN_DIRECT_OBJC_ISA_USAGE = YES_ERROR;
				CLANG_WARN_DOCUMENTATION_COMMENTS = YES;
				CLANG_WARN_EMPTY_BODY = YES;
				CLANG_WARN_ENUM_CONVERSION = YES;
				CLANG_WARN_INFINITE_RECURSION = YES;
				CLANG_WARN_INT_CONVERSION = YES;
				CLANG_WARN_NON_LITERAL_NULL_CONVERSION = YES;
				CLANG_WARN_OBJC_IMPLICIT_RETAIN_SELF = YES;
				CLANG_WARN_OBJC_LITERAL_CONVERSION = YES;
				CLANG_WARN_OBJC_ROOT_CLASS = YES_ERROR;
				CLANG_WARN_RANGE_LOOP_ANALYSIS = YES;
				CLANG_WARN_STRICT_PROTOTYPES = YES;
				CLANG_WARN_SUSPICIOUS_MOVE = YES;
				CLANG_WARN_UNGUARDED_AVAILABILITY = YES_AGGRESSIVE;
				CLANG_WARN_UNREACHABLE_CODE = YES;
				CLANG_WARN__DUPLICATE_METHOD_MATCH = YES;
				COPY_PHASE_STRIP = NO;
				DEBUG_INFORMATION_FORMAT = "dwarf-with-dsym";
				ENABLE_NS_ASSERTIONS = NO;
				ENABLE_STRICT_OBJC_MSGSEND = YES;
				GCC_C_LANGUAGE_STANDARD = gnu11;
				GCC_NO_COMMON_BLOCKS = YES;
				GCC_WARN_64_TO_32_BIT_CONVERSION = YES;
				GCC_WARN_ABOUT_RETURN_TYPE = YES_ERROR;
				GCC_WARN_UNDECLARED_SELECTOR = YES;
				GCC_WARN_UNINITIALIZED_AUTOS = YES_AGGRESSIVE;
				GCC_WARN_UNUSED_FUNCTION = YES;
				GCC_WARN_UNUSED_VARIABLE = YES;
				IPHONEOS_DEPLOYMENT_TARGET = 13.5;
				MTL_ENABLE_DEBUG_INFO = NO;
				MTL_FAST_MATH = YES;
				SDKROOT = iphoneos;
				VALIDATE_PRODUCT = YES;
			};
			name = Release;
		};
		3E8B91142478DE77003C3A95 /* Debug */ = {
			isa = XCBuildConfiguration;
			buildSettings = {
				ASSETCATALOG_COMPILER_APPICON_NAME = AppIcon;
				CODE_SIGN_STYLE = Automatic;
				DEVELOPMENT_TEAM = KCUNH23ZJ8;
				INFOPLIST_FILE = CNRouterDemo/Info.plist;
				IPHONEOS_DEPLOYMENT_TARGET = 9.0;
				LD_RUNPATH_SEARCH_PATHS = (
					"$(inherited)",
					"@executable_path/Frameworks",
				);
				PRODUCT_BUNDLE_IDENTIFIER = CNB.CNRouterDemo;
				PRODUCT_NAME = "$(TARGET_NAME)";
				TARGETED_DEVICE_FAMILY = "1,2";
			};
			name = Debug;
		};
		3E8B91152478DE77003C3A95 /* Release */ = {
			isa = XCBuildConfiguration;
			buildSettings = {
				ASSETCATALOG_COMPILER_APPICON_NAME = AppIcon;
				CODE_SIGN_STYLE = Automatic;
				DEVELOPMENT_TEAM = KCUNH23ZJ8;
				INFOPLIST_FILE = CNRouterDemo/Info.plist;
				IPHONEOS_DEPLOYMENT_TARGET = 9.0;
				LD_RUNPATH_SEARCH_PATHS = (
					"$(inherited)",
					"@executable_path/Frameworks",
				);
				PRODUCT_BUNDLE_IDENTIFIER = CNB.CNRouterDemo;
				PRODUCT_NAME = "$(TARGET_NAME)";
				TARGETED_DEVICE_FAMILY = "1,2";
			};
			name = Release;
		};
		3E8B91172478DE77003C3A95 /* Debug */ = {
			isa = XCBuildConfiguration;
			buildSettings = {
				BUNDLE_LOADER = "$(TEST_HOST)";
				CODE_SIGN_STYLE = Automatic;
				DEVELOPMENT_TEAM = KCUNH23ZJ8;
				INFOPLIST_FILE = CNRouterDemoTests/Info.plist;
				IPHONEOS_DEPLOYMENT_TARGET = 13.5;
				LD_RUNPATH_SEARCH_PATHS = (
					"$(inherited)",
					"@executable_path/Frameworks",
					"@loader_path/Frameworks",
				);
				PRODUCT_BUNDLE_IDENTIFIER = CNB.CNRouterDemoTests;
				PRODUCT_NAME = "$(TARGET_NAME)";
				TARGETED_DEVICE_FAMILY = "1,2";
				TEST_HOST = "$(BUILT_PRODUCTS_DIR)/CNRouterDemo.app/CNRouterDemo";
			};
			name = Debug;
		};
		3E8B91182478DE77003C3A95 /* Release */ = {
			isa = XCBuildConfiguration;
			buildSettings = {
				BUNDLE_LOADER = "$(TEST_HOST)";
				CODE_SIGN_STYLE = Automatic;
				DEVELOPMENT_TEAM = KCUNH23ZJ8;
				INFOPLIST_FILE = CNRouterDemoTests/Info.plist;
				IPHONEOS_DEPLOYMENT_TARGET = 13.5;
				LD_RUNPATH_SEARCH_PATHS = (
					"$(inherited)",
					"@executable_path/Frameworks",
					"@loader_path/Frameworks",
				);
				PRODUCT_BUNDLE_IDENTIFIER = CNB.CNRouterDemoTests;
				PRODUCT_NAME = "$(TARGET_NAME)";
				TARGETED_DEVICE_FAMILY = "1,2";
				TEST_HOST = "$(BUILT_PRODUCTS_DIR)/CNRouterDemo.app/CNRouterDemo";
			};
			name = Release;
		};
		3E8B911A2478DE77003C3A95 /* Debug */ = {
			isa = XCBuildConfiguration;
			buildSettings = {
				CODE_SIGN_STYLE = Automatic;
				DEVELOPMENT_TEAM = KCUNH23ZJ8;
				INFOPLIST_FILE = CNRouterDemoUITests/Info.plist;
				LD_RUNPATH_SEARCH_PATHS = (
					"$(inherited)",
					"@executable_path/Frameworks",
					"@loader_path/Frameworks",
				);
				PRODUCT_BUNDLE_IDENTIFIER = CNB.CNRouterDemoUITests;
				PRODUCT_NAME = "$(TARGET_NAME)";
				TARGETED_DEVICE_FAMILY = "1,2";
				TEST_TARGET_NAME = CNRouterDemo;
			};
			name = Debug;
		};
		3E8B911B2478DE77003C3A95 /* Release */ = {
			isa = XCBuildConfiguration;
			buildSettings = {
				CODE_SIGN_STYLE = Automatic;
				DEVELOPMENT_TEAM = KCUNH23ZJ8;
				INFOPLIST_FILE = CNRouterDemoUITests/Info.plist;
				LD_RUNPATH_SEARCH_PATHS = (
					"$(inherited)",
					"@executable_path/Frameworks",
					"@loader_path/Frameworks",
				);
				PRODUCT_BUNDLE_IDENTIFIER = CNB.CNRouterDemoUITests;
				PRODUCT_NAME = "$(TARGET_NAME)";
				TARGETED_DEVICE_FAMILY = "1,2";
				TEST_TARGET_NAME = CNRouterDemo;
			};
			name = Release;
		};
/* End XCBuildConfiguration section */

/* Begin XCConfigurationList section */
		3E8B90DF2478DE71003C3A95 /* Build configuration list for PBXProject "CNRouterDemo" */ = {
			isa = XCConfigurationList;
			buildConfigurations = (
				3E8B91112478DE77003C3A95 /* Debug */,
				3E8B91122478DE77003C3A95 /* Release */,
			);
			defaultConfigurationIsVisible = 0;
			defaultConfigurationName = Release;
		};
		3E8B91132478DE77003C3A95 /* Build configuration list for PBXNativeTarget "CNRouterDemo" */ = {
			isa = XCConfigurationList;
			buildConfigurations = (
				3E8B91142478DE77003C3A95 /* Debug */,
				3E8B91152478DE77003C3A95 /* Release */,
			);
			defaultConfigurationIsVisible = 0;
			defaultConfigurationName = Release;
		};
		3E8B91162478DE77003C3A95 /* Build configuration list for PBXNativeTarget "CNRouterDemoTests" */ = {
			isa = XCConfigurationList;
			buildConfigurations = (
				3E8B91172478DE77003C3A95 /* Debug */,
				3E8B91182478DE77003C3A95 /* Release */,
			);
			defaultConfigurationIsVisible = 0;
			defaultConfigurationName = Release;
		};
		3E8B91192478DE77003C3A95 /* Build configuration list for PBXNativeTarget "CNRouterDemoUITests" */ = {
			isa = XCConfigurationList;
			buildConfigurations = (
				3E8B911A2478DE77003C3A95 /* Debug */,
				3E8B911B2478DE77003C3A95 /* Release */,
			);
			defaultConfigurationIsVisible = 0;
			defaultConfigurationName = Release;
		};
/* End XCConfigurationList section */
	};
	rootObject = 3E8B90DC2478DE71003C3A95 /* Project object */;
}
